
Microsoft Visual Studio Solution File, Format Version 12.00
# Visual Studio Version 17
VisualStudioVersion = 17.7.34024.191
MinimumVisualStudioVersion = 10.0.40219.1
Project("{2150E333-8FDC-42A3-9474-1A3956D46DE8}") = "Task0", "Task0", "{CA065BE0-C89A-490E-8634-CB315B4E80DB}"
EndProject
Project("{FAE04EC0-301F-11D3-BF4B-00C04F79EFBC}") = "Tyuiu.PetrovNE.Sprint3.Task0.V2", "Tyuiu.PetrovNE.Sprint3.Task0.V2\Tyuiu.PetrovNE.Sprint3.Task0.V2.csproj", "{8686CFF8-9FA6-4DD4-A8DC-BF5686641237}"
EndProject
Project("{FAE04EC0-301F-11D3-BF4B-00C04F79EFBC}") = "Tyuiu.PetrovNE.Sprint3.Task0.V2.Lib", "Tyuiu.PetrovNE.Sprint3.Task0.V2.Lib\Tyuiu.PetrovNE.Sprint3.Task0.V2.Lib.csproj", "{B848A98B-D58F-448C-92C7-2FD7C3599651}"
EndProject
Project("{FAE04EC0-301F-11D3-BF4B-00C04F79EFBC}") = "Tyuiu.PetrovNE.Sprint3.Task0.V2.Test", "Tyuiu.PetrovNE.Sprint3.Task0.V2.Test\Tyuiu.PetrovNE.Sprint3.Task0.V2.Test.csproj", "{B86A98E9-F55A-465D-A09A-04461CDD4939}"
EndProject
Project("{2150E333-8FDC-42A3-9474-1A3956D46DE8}") = "Task1", "Task1", "{8DB71F33-D9F1-4C83-B5FF-A74AF7414D72}"
EndProject
Project("{FAE04EC0-301F-11D3-BF4B-00C04F79EFBC}") = "Tyuiu.PetrovNE.Sprint3.Task1.V14", "Tyuiu.PetrovNE.Sprint3.Task1.V14\Tyuiu.PetrovNE.Sprint3.Task1.V14.csproj", "{59104D9A-8CA3-4D10-A3AF-0B736BFC6BAB}"
EndProject
Project("{FAE04EC0-301F-11D3-BF4B-00C04F79EFBC}") = "Tyuiu.PetrovNE.Sprint3.Task1.V14.Lib", "Tyuiu.PetrovNE.Sprint3.Task1.V14.Lib\Tyuiu.PetrovNE.Sprint3.Task1.V14.Lib.csproj", "{6EE1812F-378C-4ED8-935A-5917E9CEC8C2}"
EndProject
Project("{FAE04EC0-301F-11D3-BF4B-00C04F79EFBC}") = "Tyuiu.PetrovNE.Sprint3.Task1.V14.Test", "Tyuiu.PetrovNE.Sprint3.Task1.V14.Test\Tyuiu.PetrovNE.Sprint3.Task1.V14.Test.csproj", "{342C7917-57A3-4F60-A1A1-435BAEDAD0EB}"
EndProject
Project("{2150E333-8FDC-42A3-9474-1A3956D46DE8}") = "Task2", "Task2", "{436605E6-408F-42D6-8E0D-B50E35E2C6F5}"
EndProject
Project("{FAE04EC0-301F-11D3-BF4B-00C04F79EFBC}") = "Tyuiu.PetrovNE.Sprint3.Task2.V11", "Tyuiu.PetrovNE.Sprint3.Task2.V11\Tyuiu.PetrovNE.Sprint3.Task2.V11.csproj", "{D6AF8B99-E42E-414A-A399-253B25911E20}"
EndProject
Project("{FAE04EC0-301F-11D3-BF4B-00C04F79EFBC}") = "Tyuiu.PetrovNE.Sprint3.Task2.V11.Lib", "Tyuiu.PetrovNE.Sprint3.Task2.V11.Lib\Tyuiu.PetrovNE.Sprint3.Task2.V11.Lib.csproj", "{8F9450D0-82C3-4FD4-B9E3-5A4A4ED137B1}"
EndProject
Project("{FAE04EC0-301F-11D3-BF4B-00C04F79EFBC}") = "Tyuiu.PetrovNE.Sprint3.Task2.V11.Test", "Tyuiu.PetrovNE.Sprint3.Task2.V11.Test\Tyuiu.PetrovNE.Sprint3.Task2.V11.Test.csproj", "{38D3E6E1-0544-4944-B536-2463F0ECCC60}"
EndProject
Project("{2150E333-8FDC-42A3-9474-1A3956D46DE8}") = "Task3", "Task3", "{275C30D4-1BDF-46B4-8EE8-B6122A5B0A7A}"
EndProject
Project("{FAE04EC0-301F-11D3-BF4B-00C04F79EFBC}") = "Tyuiu.PetrovNE.Sprint3.Task3.V12", "Tyuiu.PetrovNE.Sprint3.Task3.V12\Tyuiu.PetrovNE.Sprint3.Task3.V12.csproj", "{900037FB-5650-4C85-837A-6042536B611D}"
EndProject
Project("{FAE04EC0-301F-11D3-BF4B-00C04F79EFBC}") = "Tyuiu.PetrovNE.Sprint3.Task3.V12.Lib", "Tyuiu.PetrovNE.Sprint3.Task3.V12.Lib\Tyuiu.PetrovNE.Sprint3.Task3.V12.Lib.csproj", "{F59E64C1-3972-41FB-8A08-027775D4064B}"
EndProject
Project("{FAE04EC0-301F-11D3-BF4B-00C04F79EFBC}") = "Tyuiu.PetrovNE.Sprint3.Task3.V12.Test", "Tyuiu.PetrovNE.Sprint3.Task3.V12.Test\Tyuiu.PetrovNE.Sprint3.Task3.V12.Test.csproj", "{53A2F064-5529-40FB-AD17-168BECBF67EB}"
EndProject
Project("{2150E333-8FDC-42A3-9474-1A3956D46DE8}") = "task4", "task4", "{1AB71459-EF27-4BC0-A585-C6B1CE5D27DB}"
EndProject
Project("{FAE04EC0-301F-11D3-BF4B-00C04F79EFBC}") = "Tyuiu.PetrovNE.Sprint3.Task4.V24", "Tyuiu.PetrovNE.Sprint3.Task4.V24\Tyuiu.PetrovNE.Sprint3.Task4.V24.csproj", "{187287C6-E0EE-4569-AB39-EFE81DC6FCDB}"
EndProject
Project("{FAE04EC0-301F-11D3-BF4B-00C04F79EFBC}") = "Tyuiu.PetrovNE.Sprint3.Task4.V24.Lib", "Tyuiu.PetrovNE.Sprint3.Task4.V24.Lib\Tyuiu.PetrovNE.Sprint3.Task4.V24.Lib.csproj", "{3127D028-4DC5-4111-9C14-375C3ACCFF19}"
EndProject
Project("{FAE04EC0-301F-11D3-BF4B-00C04F79EFBC}") = "Tyuiu.PetrovNE.Sprint3.Task4.V24.Test", "Tyuiu.PetrovNE.Sprint3.Task4.V24.Test\Tyuiu.PetrovNE.Sprint3.Task4.V24.Test.csproj", "{C73F0F66-81BE-48D2-A859-E09AF09C3F9D}"
EndProject
Project("{2150E333-8FDC-42A3-9474-1A3956D46DE8}") = "task5", "task5", "{06640E93-5107-4196-98DC-D4C157BD74A9}"
EndProject
Project("{FAE04EC0-301F-11D3-BF4B-00C04F79EFBC}") = "Tyuiu.PetrovNE.Sprint3.Task5.V23", "Tyuiu.PetrovNE.Sprint3.Task5.V23\Tyuiu.PetrovNE.Sprint3.Task5.V23.csproj", "{27F2CBD9-1580-48FC-8ACD-2E8020435E68}"
EndProject
Project("{FAE04EC0-301F-11D3-BF4B-00C04F79EFBC}") = "Tyuiu.PetrovNE.Sprint3.Task5.V23.Lib", "Tyuiu.PetrovNE.Sprint3.Task5.V23.Lib\Tyuiu.PetrovNE.Sprint3.Task5.V23.Lib.csproj", "{5506184A-8CA7-4E78-BE40-0AE770FAD8AD}"
EndProject
Project("{FAE04EC0-301F-11D3-BF4B-00C04F79EFBC}") = "Tyuiu.PetrovNE.Sprint3.Task5.V23.Test", "Tyuiu.PetrovNE.Sprint3.Task5.V23.Test\Tyuiu.PetrovNE.Sprint3.Task5.V23.Test.csproj", "{60B150A7-C575-4EB5-8BFF-465680016533}"
EndProject
Project("{2150E333-8FDC-42A3-9474-1A3956D46DE8}") = "Task6", "Task6", "{6352778F-7A1E-4C1C-B088-C50BB8FCDB43}"
EndProject
Project("{FAE04EC0-301F-11D3-BF4B-00C04F79EFBC}") = "Tyuiu.PetrovNE.Sprint3.Task6.V12", "Tyuiu.PetrovNE.Sprint3.Task6.V12\Tyuiu.PetrovNE.Sprint3.Task6.V12.csproj", "{7E0EE0A5-EDF4-4594-8171-4F9B6BA23111}"
EndProject
Project("{FAE04EC0-301F-11D3-BF4B-00C04F79EFBC}") = "Tyuiu.PetrovNE.Sprint3.Task6.V12.Lib", "Tyuiu.PetrovNE.Sprint3.Task6.V12.Lib\Tyuiu.PetrovNE.Sprint3.Task6.V12.Lib.csproj", "{B6C5441A-2F28-4747-BE8D-695486694726}"
EndProject
Project("{FAE04EC0-301F-11D3-BF4B-00C04F79EFBC}") = "Tyuiu.PetrovNE.Sprint3.Task6.V12.Test", "Tyuiu.PetrovNE.Sprint3.Task6.V12.Test\Tyuiu.PetrovNE.Sprint3.Task6.V12.Test.csproj", "{84EB4C43-5495-41F9-8787-BD5D0D0D3367}"
EndProject
Project("{2150E333-8FDC-42A3-9474-1A3956D46DE8}") = "Task7", "Task7", "{72B425E8-FF31-4CAB-9E11-6794D0D11BFB}"
EndProject
Project("{FAE04EC0-301F-11D3-BF4B-00C04F79EFBC}") = "Tyuiu.PetrovNE.Sprint3.Task7.V23", "Tyuiu.PetrovNE.Sprint3.Task7.V23\Tyuiu.PetrovNE.Sprint3.Task7.V23.csproj", "{816DC7CE-A416-4233-B94D-B17A3D1A870F}"
EndProject
Project("{FAE04EC0-301F-11D3-BF4B-00C04F79EFBC}") = "Tyuiu.PetrovNE.Sprint3.Task7.V23.Lib", "Tyuiu.PetrovNE.Sprint3.Task7.V23.Lib\Tyuiu.PetrovNE.Sprint3.Task7.V23.Lib.csproj", "{14BE1EC3-58ED-403F-9602-C6CEEAA7CCA4}"
EndProject
Project("{FAE04EC0-301F-11D3-BF4B-00C04F79EFBC}") = "Tyuiu.PetrovNE.Sprint3.Task7.V23.Test", "Tyuiu.PetrovNE.Sprint3.Task7.V23.Test\Tyuiu.PetrovNE.Sprint3.Task7.V23.Test.csproj", "{840D3CC2-7FC3-4114-89AD-7CA3F7097731}"
EndProject
Global
	GlobalSection(SolutionConfigurationPlatforms) = preSolution
		Debug|Any CPU = Debug|Any CPU
		Release|Any CPU = Release|Any CPU
	EndGlobalSection
	GlobalSection(ProjectConfigurationPlatforms) = postSolution
		{8686CFF8-9FA6-4DD4-A8DC-BF5686641237}.Debug|Any CPU.ActiveCfg = Debug|Any CPU
		{8686CFF8-9FA6-4DD4-A8DC-BF5686641237}.Debug|Any CPU.Build.0 = Debug|Any CPU
		{8686CFF8-9FA6-4DD4-A8DC-BF5686641237}.Release|Any CPU.ActiveCfg = Release|Any CPU
		{8686CFF8-9FA6-4DD4-A8DC-BF5686641237}.Release|Any CPU.Build.0 = Release|Any CPU
		{B848A98B-D58F-448C-92C7-2FD7C3599651}.Debug|Any CPU.ActiveCfg = Debug|Any CPU
		{B848A98B-D58F-448C-92C7-2FD7C3599651}.Debug|Any CPU.Build.0 = Debug|Any CPU
		{B848A98B-D58F-448C-92C7-2FD7C3599651}.Release|Any CPU.ActiveCfg = Release|Any CPU
		{B848A98B-D58F-448C-92C7-2FD7C3599651}.Release|Any CPU.Build.0 = Release|Any CPU
		{B86A98E9-F55A-465D-A09A-04461CDD4939}.Debug|Any CPU.ActiveCfg = Debug|Any CPU
		{B86A98E9-F55A-465D-A09A-04461CDD4939}.Debug|Any CPU.Build.0 = Debug|Any CPU
		{B86A98E9-F55A-465D-A09A-04461CDD4939}.Release|Any CPU.ActiveCfg = Release|Any CPU
		{B86A98E9-F55A-465D-A09A-04461CDD4939}.Release|Any CPU.Build.0 = Release|Any CPU
		{59104D9A-8CA3-4D10-A3AF-0B736BFC6BAB}.Debug|Any CPU.ActiveCfg = Debug|Any CPU
		{59104D9A-8CA3-4D10-A3AF-0B736BFC6BAB}.Debug|Any CPU.Build.0 = Debug|Any CPU
		{59104D9A-8CA3-4D10-A3AF-0B736BFC6BAB}.Release|Any CPU.ActiveCfg = Release|Any CPU
		{59104D9A-8CA3-4D10-A3AF-0B736BFC6BAB}.Release|Any CPU.Build.0 = Release|Any CPU
		{6EE1812F-378C-4ED8-935A-5917E9CEC8C2}.Debug|Any CPU.ActiveCfg = Debug|Any CPU
		{6EE1812F-378C-4ED8-935A-5917E9CEC8C2}.Debug|Any CPU.Build.0 = Debug|Any CPU
		{6EE1812F-378C-4ED8-935A-5917E9CEC8C2}.Release|Any CPU.ActiveCfg = Release|Any CPU
		{6EE1812F-378C-4ED8-935A-5917E9CEC8C2}.Release|Any CPU.Build.0 = Release|Any CPU
		{342C7917-57A3-4F60-A1A1-435BAEDAD0EB}.Debug|Any CPU.ActiveCfg = Debug|Any CPU
		{342C7917-57A3-4F60-A1A1-435BAEDAD0EB}.Debug|Any CPU.Build.0 = Debug|Any CPU
		{342C7917-57A3-4F60-A1A1-435BAEDAD0EB}.Release|Any CPU.ActiveCfg = Release|Any CPU
		{342C7917-57A3-4F60-A1A1-435BAEDAD0EB}.Release|Any CPU.Build.0 = Release|Any CPU
		{D6AF8B99-E42E-414A-A399-253B25911E20}.Debug|Any CPU.ActiveCfg = Debug|Any CPU
		{D6AF8B99-E42E-414A-A399-253B25911E20}.Debug|Any CPU.Build.0 = Debug|Any CPU
		{D6AF8B99-E42E-414A-A399-253B25911E20}.Release|Any CPU.ActiveCfg = Release|Any CPU
		{D6AF8B99-E42E-414A-A399-253B25911E20}.Release|Any CPU.Build.0 = Release|Any CPU
		{8F9450D0-82C3-4FD4-B9E3-5A4A4ED137B1}.Debug|Any CPU.ActiveCfg = Debug|Any CPU
		{8F9450D0-82C3-4FD4-B9E3-5A4A4ED137B1}.Debug|Any CPU.Build.0 = Debug|Any CPU
		{8F9450D0-82C3-4FD4-B9E3-5A4A4ED137B1}.Release|Any CPU.ActiveCfg = Release|Any CPU
		{8F9450D0-82C3-4FD4-B9E3-5A4A4ED137B1}.Release|Any CPU.Build.0 = Release|Any CPU
		{38D3E6E1-0544-4944-B536-2463F0ECCC60}.Debug|Any CPU.ActiveCfg = Debug|Any CPU
		{38D3E6E1-0544-4944-B536-2463F0ECCC60}.Debug|Any CPU.Build.0 = Debug|Any CPU
		{38D3E6E1-0544-4944-B536-2463F0ECCC60}.Release|Any CPU.ActiveCfg = Release|Any CPU
		{38D3E6E1-0544-4944-B536-2463F0ECCC60}.Release|Any CPU.Build.0 = Release|Any CPU
		{900037FB-5650-4C85-837A-6042536B611D}.Debug|Any CPU.ActiveCfg = Debug|Any CPU
		{900037FB-5650-4C85-837A-6042536B611D}.Debug|Any CPU.Build.0 = Debug|Any CPU
		{900037FB-5650-4C85-837A-6042536B611D}.Release|Any CPU.ActiveCfg = Release|Any CPU
		{900037FB-5650-4C85-837A-6042536B611D}.Release|Any CPU.Build.0 = Release|Any CPU
		{F59E64C1-3972-41FB-8A08-027775D4064B}.Debug|Any CPU.ActiveCfg = Debug|Any CPU
		{F59E64C1-3972-41FB-8A08-027775D4064B}.Debug|Any CPU.Build.0 = Debug|Any CPU
		{F59E64C1-3972-41FB-8A08-027775D4064B}.Release|Any CPU.ActiveCfg = Release|Any CPU
		{F59E64C1-3972-41FB-8A08-027775D4064B}.Release|Any CPU.Build.0 = Release|Any CPU
		{53A2F064-5529-40FB-AD17-168BECBF67EB}.Debug|Any CPU.ActiveCfg = Debug|Any CPU
		{53A2F064-5529-40FB-AD17-168BECBF67EB}.Debug|Any CPU.Build.0 = Debug|Any CPU
		{53A2F064-5529-40FB-AD17-168BECBF67EB}.Release|Any CPU.ActiveCfg = Release|Any CPU
		{53A2F064-5529-40FB-AD17-168BECBF67EB}.Release|Any CPU.Build.0 = Release|Any CPU
		{187287C6-E0EE-4569-AB39-EFE81DC6FCDB}.Debug|Any CPU.ActiveCfg = Debug|Any CPU
		{187287C6-E0EE-4569-AB39-EFE81DC6FCDB}.Debug|Any CPU.Build.0 = Debug|Any CPU
		{187287C6-E0EE-4569-AB39-EFE81DC6FCDB}.Release|Any CPU.ActiveCfg = Release|Any CPU
		{187287C6-E0EE-4569-AB39-EFE81DC6FCDB}.Release|Any CPU.Build.0 = Release|Any CPU
		{3127D028-4DC5-4111-9C14-375C3ACCFF19}.Debug|Any CPU.ActiveCfg = Debug|Any CPU
		{3127D028-4DC5-4111-9C14-375C3ACCFF19}.Debug|Any CPU.Build.0 = Debug|Any CPU
		{3127D028-4DC5-4111-9C14-375C3ACCFF19}.Release|Any CPU.ActiveCfg = Release|Any CPU
		{3127D028-4DC5-4111-9C14-375C3ACCFF19}.Release|Any CPU.Build.0 = Release|Any CPU
		{C73F0F66-81BE-48D2-A859-E09AF09C3F9D}.Debug|Any CPU.ActiveCfg = Debug|Any CPU
		{C73F0F66-81BE-48D2-A859-E09AF09C3F9D}.Debug|Any CPU.Build.0 = Debug|Any CPU
		{C73F0F66-81BE-48D2-A859-E09AF09C3F9D}.Release|Any CPU.ActiveCfg = Release|Any CPU
		{C73F0F66-81BE-48D2-A859-E09AF09C3F9D}.Release|Any CPU.Build.0 = Release|Any CPU
		{27F2CBD9-1580-48FC-8ACD-2E8020435E68}.Debug|Any CPU.ActiveCfg = Debug|Any CPU
		{27F2CBD9-1580-48FC-8ACD-2E8020435E68}.Debug|Any CPU.Build.0 = Debug|Any CPU
		{27F2CBD9-1580-48FC-8ACD-2E8020435E68}.Release|Any CPU.ActiveCfg = Release|Any CPU
		{27F2CBD9-1580-48FC-8ACD-2E8020435E68}.Release|Any CPU.Build.0 = Release|Any CPU
		{5506184A-8CA7-4E78-BE40-0AE770FAD8AD}.Debug|Any CPU.ActiveCfg = Debug|Any CPU
		{5506184A-8CA7-4E78-BE40-0AE770FAD8AD}.Debug|Any CPU.Build.0 = Debug|Any CPU
		{5506184A-8CA7-4E78-BE40-0AE770FAD8AD}.Release|Any CPU.ActiveCfg = Release|Any CPU
		{5506184A-8CA7-4E78-BE40-0AE770FAD8AD}.Release|Any CPU.Build.0 = Release|Any CPU
		{60B150A7-C575-4EB5-8BFF-465680016533}.Debug|Any CPU.ActiveCfg = Debug|Any CPU
		{60B150A7-C575-4EB5-8BFF-465680016533}.Debug|Any CPU.Build.0 = Debug|Any CPU
		{60B150A7-C575-4EB5-8BFF-465680016533}.Release|Any CPU.ActiveCfg = Release|Any CPU
		{60B150A7-C575-4EB5-8BFF-465680016533}.Release|Any CPU.Build.0 = Release|Any CPU
		{7E0EE0A5-EDF4-4594-8171-4F9B6BA23111}.Debug|Any CPU.ActiveCfg = Debug|Any CPU
		{7E0EE0A5-EDF4-4594-8171-4F9B6BA23111}.Debug|Any CPU.Build.0 = Debug|Any CPU
		{7E0EE0A5-EDF4-4594-8171-4F9B6BA23111}.Release|Any CPU.ActiveCfg = Release|Any CPU
		{7E0EE0A5-EDF4-4594-8171-4F9B6BA23111}.Release|Any CPU.Build.0 = Release|Any CPU
		{B6C5441A-2F28-4747-BE8D-695486694726}.Debug|Any CPU.ActiveCfg = Debug|Any CPU
		{B6C5441A-2F28-4747-BE8D-695486694726}.Debug|Any CPU.Build.0 = Debug|Any CPU
		{B6C5441A-2F28-4747-BE8D-695486694726}.Release|Any CPU.ActiveCfg = Release|Any CPU
		{B6C5441A-2F28-4747-BE8D-695486694726}.Release|Any CPU.Build.0 = Release|Any CPU
		{84EB4C43-5495-41F9-8787-BD5D0D0D3367}.Debug|Any CPU.ActiveCfg = Debug|Any CPU
		{84EB4C43-5495-41F9-8787-BD5D0D0D3367}.Debug|Any CPU.Build.0 = Debug|Any CPU
		{84EB4C43-5495-41F9-8787-BD5D0D0D3367}.Release|Any CPU.ActiveCfg = Release|Any CPU
		{84EB4C43-5495-41F9-8787-BD5D0D0D3367}.Release|Any CPU.Build.0 = Release|Any CPU
		{816DC7CE-A416-4233-B94D-B17A3D1A870F}.Debug|Any CPU.ActiveCfg = Debug|Any CPU
		{816DC7CE-A416-4233-B94D-B17A3D1A870F}.Debug|Any CPU.Build.0 = Debug|Any CPU
		{816DC7CE-A416-4233-B94D-B17A3D1A870F}.Release|Any CPU.ActiveCfg = Release|Any CPU
		{816DC7CE-A416-4233-B94D-B17A3D1A870F}.Release|Any CPU.Build.0 = Release|Any CPU
		{14BE1EC3-58ED-403F-9602-C6CEEAA7CCA4}.Debug|Any CPU.ActiveCfg = Debug|Any CPU
		{14BE1EC3-58ED-403F-9602-C6CEEAA7CCA4}.Debug|Any CPU.Build.0 = Debug|Any CPU
		{14BE1EC3-58ED-403F-9602-C6CEEAA7CCA4}.Release|Any CPU.ActiveCfg = Release|Any CPU
		{14BE1EC3-58ED-403F-9602-C6CEEAA7CCA4}.Release|Any CPU.Build.0 = Release|Any CPU
		{840D3CC2-7FC3-4114-89AD-7CA3F7097731}.Debug|Any CPU.ActiveCfg = Debug|Any CPU
		{840D3CC2-7FC3-4114-89AD-7CA3F7097731}.Debug|Any CPU.Build.0 = Debug|Any CPU
		{840D3CC2-7FC3-4114-89AD-7CA3F7097731}.Release|Any CPU.ActiveCfg = Release|Any CPU
		{840D3CC2-7FC3-4114-89AD-7CA3F7097731}.Release|Any CPU.Build.0 = Release|Any CPU
	EndGlobalSection
	GlobalSection(SolutionProperties) = preSolution
		HideSolutionNode = FALSE
	EndGlobalSection
	GlobalSection(NestedProjects) = preSolution
		{8686CFF8-9FA6-4DD4-A8DC-BF5686641237} = {CA065BE0-C89A-490E-8634-CB315B4E80DB}
		{B848A98B-D58F-448C-92C7-2FD7C3599651} = {CA065BE0-C89A-490E-8634-CB315B4E80DB}
		{B86A98E9-F55A-465D-A09A-04461CDD4939} = {CA065BE0-C89A-490E-8634-CB315B4E80DB}
		{59104D9A-8CA3-4D10-A3AF-0B736BFC6BAB} = {8DB71F33-D9F1-4C83-B5FF-A74AF7414D72}
		{6EE1812F-378C-4ED8-935A-5917E9CEC8C2} = {8DB71F33-D9F1-4C83-B5FF-A74AF7414D72}
		{342C7917-57A3-4F60-A1A1-435BAEDAD0EB} = {8DB71F33-D9F1-4C83-B5FF-A74AF7414D72}
		{D6AF8B99-E42E-414A-A399-253B25911E20} = {436605E6-408F-42D6-8E0D-B50E35E2C6F5}
		{8F9450D0-82C3-4FD4-B9E3-5A4A4ED137B1} = {436605E6-408F-42D6-8E0D-B50E35E2C6F5}
		{38D3E6E1-0544-4944-B536-2463F0ECCC60} = {436605E6-408F-42D6-8E0D-B50E35E2C6F5}
		{900037FB-5650-4C85-837A-6042536B611D} = {275C30D4-1BDF-46B4-8EE8-B6122A5B0A7A}
		{F59E64C1-3972-41FB-8A08-027775D4064B} = {275C30D4-1BDF-46B4-8EE8-B6122A5B0A7A}
		{53A2F064-5529-40FB-AD17-168BECBF67EB} = {275C30D4-1BDF-46B4-8EE8-B6122A5B0A7A}
		{187287C6-E0EE-4569-AB39-EFE81DC6FCDB} = {1AB71459-EF27-4BC0-A585-C6B1CE5D27DB}
		{3127D028-4DC5-4111-9C14-375C3ACCFF19} = {1AB71459-EF27-4BC0-A585-C6B1CE5D27DB}
		{C73F0F66-81BE-48D2-A859-E09AF09C3F9D} = {1AB71459-EF27-4BC0-A585-C6B1CE5D27DB}
		{27F2CBD9-1580-48FC-8ACD-2E8020435E68} = {06640E93-5107-4196-98DC-D4C157BD74A9}
		{5506184A-8CA7-4E78-BE40-0AE770FAD8AD} = {06640E93-5107-4196-98DC-D4C157BD74A9}
		{60B150A7-C575-4EB5-8BFF-465680016533} = {06640E93-5107-4196-98DC-D4C157BD74A9}
		{7E0EE0A5-EDF4-4594-8171-4F9B6BA23111} = {6352778F-7A1E-4C1C-B088-C50BB8FCDB43}
		{B6C5441A-2F28-4747-BE8D-695486694726} = {6352778F-7A1E-4C1C-B088-C50BB8FCDB43}
		{84EB4C43-5495-41F9-8787-BD5D0D0D3367} = {6352778F-7A1E-4C1C-B088-C50BB8FCDB43}
		{816DC7CE-A416-4233-B94D-B17A3D1A870F} = {72B425E8-FF31-4CAB-9E11-6794D0D11BFB}
		{14BE1EC3-58ED-403F-9602-C6CEEAA7CCA4} = {72B425E8-FF31-4CAB-9E11-6794D0D11BFB}
		{840D3CC2-7FC3-4114-89AD-7CA3F7097731} = {72B425E8-FF31-4CAB-9E11-6794D0D11BFB}
	EndGlobalSection
	GlobalSection(ExtensibilityGlobals) = postSolution
		SolutionGuid = {CC256F58-D384-45DC-8305-8FEC1DF1E039}
	EndGlobalSection
EndGlobal
