
Microsoft Visual Studio Solution File, Format Version 12.00
# Visual Studio Version 17
VisualStudioVersion = 17.7.34024.191
MinimumVisualStudioVersion = 10.0.40219.1
Project("{2150E333-8FDC-42A3-9474-1A3956D46DE8}") = "Task0", "Task0", "{CA065BE0-C89A-490E-8634-CB315B4E80DB}"
EndProject
Project("{FAE04EC0-301F-11D3-BF4B-00C04F79EFBC}") = "Tyuiu.PetrovNE.Sprint3.Task0.V2", "Tyuiu.PetrovNE.Sprint3.Task0.V2\Tyuiu.PetrovNE.Sprint3.Task0.V2.csproj", "{8686CFF8-9FA6-4DD4-A8DC-BF5686641237}"
EndProject
Project("{FAE04EC0-301F-11D3-BF4B-00C04F79EFBC}") = "Tyuiu.PetrovNE.Sprint3.Task0.V2.Lib", "Tyuiu.PetrovNE.Sprint3.Task0.V2.Lib\Tyuiu.PetrovNE.Sprint3.Task0.V2.Lib.csproj", "{B848A98B-D58F-448C-92C7-2FD7C3599651}"
EndProject
Project("{FAE04EC0-301F-11D3-BF4B-00C04F79EFBC}") = "Tyuiu.PetrovNE.Sprint3.Task0.V2.Test", "Tyuiu.PetrovNE.Sprint3.Task0.V2.Test\Tyuiu.PetrovNE.Sprint3.Task0.V2.Test.csproj", "{B86A98E9-F55A-465D-A09A-04461CDD4939}"
EndProject
Global
	GlobalSection(SolutionConfigurationPlatforms) = preSolution
		Debug|Any CPU = Debug|Any CPU
		Release|Any CPU = Release|Any CPU
	EndGlobalSection
	GlobalSection(ProjectConfigurationPlatforms) = postSolution
		{8686CFF8-9FA6-4DD4-A8DC-BF5686641237}.Debug|Any CPU.ActiveCfg = Debug|Any CPU
		{8686CFF8-9FA6-4DD4-A8DC-BF5686641237}.Debug|Any CPU.Build.0 = Debug|Any CPU
		{8686CFF8-9FA6-4DD4-A8DC-BF5686641237}.Release|Any CPU.ActiveCfg = Release|Any CPU
		{8686CFF8-9FA6-4DD4-A8DC-BF5686641237}.Release|Any CPU.Build.0 = Release|Any CPU
		{B848A98B-D58F-448C-92C7-2FD7C3599651}.Debug|Any CPU.ActiveCfg = Debug|Any CPU
		{B848A98B-D58F-448C-92C7-2FD7C3599651}.Debug|Any CPU.Build.0 = Debug|Any CPU
		{B848A98B-D58F-448C-92C7-2FD7C3599651}.Release|Any CPU.ActiveCfg = Release|Any CPU
		{B848A98B-D58F-448C-92C7-2FD7C3599651}.Release|Any CPU.Build.0 = Release|Any CPU
		{B86A98E9-F55A-465D-A09A-04461CDD4939}.Debug|Any CPU.ActiveCfg = Debug|Any CPU
		{B86A98E9-F55A-465D-A09A-04461CDD4939}.Debug|Any CPU.Build.0 = Debug|Any CPU
		{B86A98E9-F55A-465D-A09A-04461CDD4939}.Release|Any CPU.ActiveCfg = Release|Any CPU
		{B86A98E9-F55A-465D-A09A-04461CDD4939}.Release|Any CPU.Build.0 = Release|Any CPU
	EndGlobalSection
	GlobalSection(SolutionProperties) = preSolution
		HideSolutionNode = FALSE
	EndGlobalSection
	GlobalSection(NestedProjects) = preSolution
		{8686CFF8-9FA6-4DD4-A8DC-BF5686641237} = {CA065BE0-C89A-490E-8634-CB315B4E80DB}
		{B848A98B-D58F-448C-92C7-2FD7C3599651} = {CA065BE0-C89A-490E-8634-CB315B4E80DB}
		{B86A98E9-F55A-465D-A09A-04461CDD4939} = {CA065BE0-C89A-490E-8634-CB315B4E80DB}
	EndGlobalSection
	GlobalSection(ExtensibilityGlobals) = postSolution
		SolutionGuid = {CC256F58-D384-45DC-8305-8FEC1DF1E039}
	EndGlobalSection
EndGlobal
